
Microsoft Visual Studio Solution File, Format Version 12.00
# Visual Studio Version 17
VisualStudioVersion = 17.0.31903.59
MinimumVisualStudioVersion = 10.0.40219.1
Project("{2150E333-8FDC-42A3-9474-1A3956D46DE8}") = "src", "src", "{827E0CD3-B72D-47B6-A68D-7590B98EB39B}"
EndProject
Project("{FAE04EC0-301F-11D3-BF4B-00C04F79EFBC}") = "CsArchViewer.Core", "src\CsArchViewer.Core\CsArchViewer.Core.csproj", "{38C4DF85-331F-4A91-9946-A94DAB4756F7}"
EndProject
Project("{FAE04EC0-301F-11D3-BF4B-00C04F79EFBC}") = "CsArchViewer.DotNet", "src\CsArchViewer.DotNet\CsArchViewer.DotNet.csproj", "{0D685E8D-8412-40BB-BB98-34A062716C20}"
EndProject
Project("{FAE04EC0-301F-11D3-BF4B-00C04F79EFBC}") = "CsArchViewer.Avalonia", "src\CsArchViewer.Avalonia\CsArchViewer.Avalonia.csproj", "{B9A2E380-B8E2-44DE-BAD8-A13ED83C30BE}"
EndProject
Project("{FAE04EC0-301F-11D3-BF4B-00C04F79EFBC}") = "CsArchViewer.DotNet.Roslyn", "src\CsArchViewer.DotNet.Roslyn\CsArchViewer.DotNet.Roslyn.csproj", "{B32F3F72-2ABF-4327-9D22-11EFBC436603}"
EndProject
Project("{FAE04EC0-301F-11D3-BF4B-00C04F79EFBC}") = "CsArchViewer.DotNet.SymbolAnalysis", "src\CsArchViewer.DotNet.SymbolAnalysis\CsArchViewer.DotNet.SymbolAnalysis.csproj", "{93CE1574-B289-41DE-85FD-1BA4E724DBD0}"
EndProject
Project("{FAE04EC0-301F-11D3-BF4B-00C04F79EFBC}") = "CsArchViewer.Export", "src\CsArchViewer.Export\CsArchViewer.Export.csproj", "{52D74D5D-A676-42C7-A8B4-F993F91709B6}"
EndProject
Project("{FAE04EC0-301F-11D3-BF4B-00C04F79EFBC}") = "CsArchViewer.Analysis", "src\CsArchViewer.Analysis\CsArchViewer.Analysis.csproj", "{EE54E512-302F-498C-AFA3-6FEA56F76EB2}"
EndProject
Project("{FAE04EC0-301F-11D3-BF4B-00C04F79EFBC}") = "CsArchViewer.Diagnostics", "src\CsArchViewer.Diagnostics\CsArchViewer.Diagnostics.csproj", "{F099CEE6-2668-40CB-AE3E-03942AD7F125}"
EndProject
Global
	GlobalSection(SolutionConfigurationPlatforms) = preSolution
		Debug|Any CPU = Debug|Any CPU
		Debug|x64 = Debug|x64
		Debug|x86 = Debug|x86
		Release|Any CPU = Release|Any CPU
		Release|x64 = Release|x64
		Release|x86 = Release|x86
	EndGlobalSection
	GlobalSection(ProjectConfigurationPlatforms) = postSolution
		{38C4DF85-331F-4A91-9946-A94DAB4756F7}.Debug|Any CPU.ActiveCfg = Debug|Any CPU
		{38C4DF85-331F-4A91-9946-A94DAB4756F7}.Debug|Any CPU.Build.0 = Debug|Any CPU
		{38C4DF85-331F-4A91-9946-A94DAB4756F7}.Debug|x64.ActiveCfg = Debug|Any CPU
		{38C4DF85-331F-4A91-9946-A94DAB4756F7}.Debug|x64.Build.0 = Debug|Any CPU
		{38C4DF85-331F-4A91-9946-A94DAB4756F7}.Debug|x86.ActiveCfg = Debug|Any CPU
		{38C4DF85-331F-4A91-9946-A94DAB4756F7}.Debug|x86.Build.0 = Debug|Any CPU
		{38C4DF85-331F-4A91-9946-A94DAB4756F7}.Release|Any CPU.ActiveCfg = Release|Any CPU
		{38C4DF85-331F-4A91-9946-A94DAB4756F7}.Release|Any CPU.Build.0 = Release|Any CPU
		{38C4DF85-331F-4A91-9946-A94DAB4756F7}.Release|x64.ActiveCfg = Release|Any CPU
		{38C4DF85-331F-4A91-9946-A94DAB4756F7}.Release|x64.Build.0 = Release|Any CPU
		{38C4DF85-331F-4A91-9946-A94DAB4756F7}.Release|x86.ActiveCfg = Release|Any CPU
		{38C4DF85-331F-4A91-9946-A94DAB4756F7}.Release|x86.Build.0 = Release|Any CPU
		{0D685E8D-8412-40BB-BB98-34A062716C20}.Debug|Any CPU.ActiveCfg = Debug|Any CPU
		{0D685E8D-8412-40BB-BB98-34A062716C20}.Debug|Any CPU.Build.0 = Debug|Any CPU
		{0D685E8D-8412-40BB-BB98-34A062716C20}.Debug|x64.ActiveCfg = Debug|Any CPU
		{0D685E8D-8412-40BB-BB98-34A062716C20}.Debug|x64.Build.0 = Debug|Any CPU
		{0D685E8D-8412-40BB-BB98-34A062716C20}.Debug|x86.ActiveCfg = Debug|Any CPU
		{0D685E8D-8412-40BB-BB98-34A062716C20}.Debug|x86.Build.0 = Debug|Any CPU
		{0D685E8D-8412-40BB-BB98-34A062716C20}.Release|Any CPU.ActiveCfg = Release|Any CPU
		{0D685E8D-8412-40BB-BB98-34A062716C20}.Release|Any CPU.Build.0 = Release|Any CPU
		{0D685E8D-8412-40BB-BB98-34A062716C20}.Release|x64.ActiveCfg = Release|Any CPU
		{0D685E8D-8412-40BB-BB98-34A062716C20}.Release|x64.Build.0 = Release|Any CPU
		{0D685E8D-8412-40BB-BB98-34A062716C20}.Release|x86.ActiveCfg = Release|Any CPU
		{0D685E8D-8412-40BB-BB98-34A062716C20}.Release|x86.Build.0 = Release|Any CPU
		{B9A2E380-B8E2-44DE-BAD8-A13ED83C30BE}.Debug|Any CPU.ActiveCfg = Debug|Any CPU
		{B9A2E380-B8E2-44DE-BAD8-A13ED83C30BE}.Debug|Any CPU.Build.0 = Debug|Any CPU
		{B9A2E380-B8E2-44DE-BAD8-A13ED83C30BE}.Debug|x64.ActiveCfg = Debug|Any CPU
		{B9A2E380-B8E2-44DE-BAD8-A13ED83C30BE}.Debug|x64.Build.0 = Debug|Any CPU
		{B9A2E380-B8E2-44DE-BAD8-A13ED83C30BE}.Debug|x86.ActiveCfg = Debug|Any CPU
		{B9A2E380-B8E2-44DE-BAD8-A13ED83C30BE}.Debug|x86.Build.0 = Debug|Any CPU
		{B9A2E380-B8E2-44DE-BAD8-A13ED83C30BE}.Release|Any CPU.ActiveCfg = Release|Any CPU
		{B9A2E380-B8E2-44DE-BAD8-A13ED83C30BE}.Release|Any CPU.Build.0 = Release|Any CPU
		{B9A2E380-B8E2-44DE-BAD8-A13ED83C30BE}.Release|x64.ActiveCfg = Release|Any CPU
		{B9A2E380-B8E2-44DE-BAD8-A13ED83C30BE}.Release|x64.Build.0 = Release|Any CPU
		{B9A2E380-B8E2-44DE-BAD8-A13ED83C30BE}.Release|x86.ActiveCfg = Release|Any CPU
		{B9A2E380-B8E2-44DE-BAD8-A13ED83C30BE}.Release|x86.Build.0 = Release|Any CPU
		{B32F3F72-2ABF-4327-9D22-11EFBC436603}.Debug|Any CPU.ActiveCfg = Debug|Any CPU
		{B32F3F72-2ABF-4327-9D22-11EFBC436603}.Debug|Any CPU.Build.0 = Debug|Any CPU
		{B32F3F72-2ABF-4327-9D22-11EFBC436603}.Debug|x64.ActiveCfg = Debug|Any CPU
		{B32F3F72-2ABF-4327-9D22-11EFBC436603}.Debug|x64.Build.0 = Debug|Any CPU
		{B32F3F72-2ABF-4327-9D22-11EFBC436603}.Debug|x86.ActiveCfg = Debug|Any CPU
		{B32F3F72-2ABF-4327-9D22-11EFBC436603}.Debug|x86.Build.0 = Debug|Any CPU
		{B32F3F72-2ABF-4327-9D22-11EFBC436603}.Release|Any CPU.ActiveCfg = Release|Any CPU
		{B32F3F72-2ABF-4327-9D22-11EFBC436603}.Release|Any CPU.Build.0 = Release|Any CPU
		{B32F3F72-2ABF-4327-9D22-11EFBC436603}.Release|x64.ActiveCfg = Release|Any CPU
		{B32F3F72-2ABF-4327-9D22-11EFBC436603}.Release|x64.Build.0 = Release|Any CPU
		{B32F3F72-2ABF-4327-9D22-11EFBC436603}.Release|x86.ActiveCfg = Release|Any CPU
		{B32F3F72-2ABF-4327-9D22-11EFBC436603}.Release|x86.Build.0 = Release|Any CPU
		{93CE1574-B289-41DE-85FD-1BA4E724DBD0}.Debug|Any CPU.ActiveCfg = Debug|Any CPU
		{93CE1574-B289-41DE-85FD-1BA4E724DBD0}.Debug|Any CPU.Build.0 = Debug|Any CPU
		{93CE1574-B289-41DE-85FD-1BA4E724DBD0}.Debug|x64.ActiveCfg = Debug|Any CPU
		{93CE1574-B289-41DE-85FD-1BA4E724DBD0}.Debug|x64.Build.0 = Debug|Any CPU
		{93CE1574-B289-41DE-85FD-1BA4E724DBD0}.Debug|x86.ActiveCfg = Debug|Any CPU
		{93CE1574-B289-41DE-85FD-1BA4E724DBD0}.Debug|x86.Build.0 = Debug|Any CPU
		{93CE1574-B289-41DE-85FD-1BA4E724DBD0}.Release|Any CPU.ActiveCfg = Release|Any CPU
		{93CE1574-B289-41DE-85FD-1BA4E724DBD0}.Release|Any CPU.Build.0 = Release|Any CPU
		{93CE1574-B289-41DE-85FD-1BA4E724DBD0}.Release|x64.ActiveCfg = Release|Any CPU
		{93CE1574-B289-41DE-85FD-1BA4E724DBD0}.Release|x64.Build.0 = Release|Any CPU
		{93CE1574-B289-41DE-85FD-1BA4E724DBD0}.Release|x86.ActiveCfg = Release|Any CPU
		{93CE1574-B289-41DE-85FD-1BA4E724DBD0}.Release|x86.Build.0 = Release|Any CPU
		{52D74D5D-A676-42C7-A8B4-F993F91709B6}.Debug|Any CPU.ActiveCfg = Debug|Any CPU
		{52D74D5D-A676-42C7-A8B4-F993F91709B6}.Debug|Any CPU.Build.0 = Debug|Any CPU
		{52D74D5D-A676-42C7-A8B4-F993F91709B6}.Debug|x64.ActiveCfg = Debug|Any CPU
		{52D74D5D-A676-42C7-A8B4-F993F91709B6}.Debug|x64.Build.0 = Debug|Any CPU
		{52D74D5D-A676-42C7-A8B4-F993F91709B6}.Debug|x86.ActiveCfg = Debug|Any CPU
		{52D74D5D-A676-42C7-A8B4-F993F91709B6}.Debug|x86.Build.0 = Debug|Any CPU
		{52D74D5D-A676-42C7-A8B4-F993F91709B6}.Release|Any CPU.ActiveCfg = Release|Any CPU
		{52D74D5D-A676-42C7-A8B4-F993F91709B6}.Release|Any CPU.Build.0 = Release|Any CPU
		{52D74D5D-A676-42C7-A8B4-F993F91709B6}.Release|x64.ActiveCfg = Release|Any CPU
		{52D74D5D-A676-42C7-A8B4-F993F91709B6}.Release|x64.Build.0 = Release|Any CPU
		{52D74D5D-A676-42C7-A8B4-F993F91709B6}.Release|x86.ActiveCfg = Release|Any CPU
		{52D74D5D-A676-42C7-A8B4-F993F91709B6}.Release|x86.Build.0 = Release|Any CPU
		{EE54E512-302F-498C-AFA3-6FEA56F76EB2}.Debug|Any CPU.ActiveCfg = Debug|Any CPU
		{EE54E512-302F-498C-AFA3-6FEA56F76EB2}.Debug|Any CPU.Build.0 = Debug|Any CPU
		{EE54E512-302F-498C-AFA3-6FEA56F76EB2}.Debug|x64.ActiveCfg = Debug|Any CPU
		{EE54E512-302F-498C-AFA3-6FEA56F76EB2}.Debug|x64.Build.0 = Debug|Any CPU
		{EE54E512-302F-498C-AFA3-6FEA56F76EB2}.Debug|x86.ActiveCfg = Debug|Any CPU
		{EE54E512-302F-498C-AFA3-6FEA56F76EB2}.Debug|x86.Build.0 = Debug|Any CPU
		{EE54E512-302F-498C-AFA3-6FEA56F76EB2}.Release|Any CPU.ActiveCfg = Release|Any CPU
		{EE54E512-302F-498C-AFA3-6FEA56F76EB2}.Release|Any CPU.Build.0 = Release|Any CPU
		{EE54E512-302F-498C-AFA3-6FEA56F76EB2}.Release|x64.ActiveCfg = Release|Any CPU
		{EE54E512-302F-498C-AFA3-6FEA56F76EB2}.Release|x64.Build.0 = Release|Any CPU
		{EE54E512-302F-498C-AFA3-6FEA56F76EB2}.Release|x86.ActiveCfg = Release|Any CPU
		{EE54E512-302F-498C-AFA3-6FEA56F76EB2}.Release|x86.Build.0 = Release|Any CPU
		{F099CEE6-2668-40CB-AE3E-03942AD7F125}.Debug|Any CPU.ActiveCfg = Debug|Any CPU
		{F099CEE6-2668-40CB-AE3E-03942AD7F125}.Debug|Any CPU.Build.0 = Debug|Any CPU
		{F099CEE6-2668-40CB-AE3E-03942AD7F125}.Debug|x64.ActiveCfg = Debug|Any CPU
		{F099CEE6-2668-40CB-AE3E-03942AD7F125}.Debug|x64.Build.0 = Debug|Any CPU
		{F099CEE6-2668-40CB-AE3E-03942AD7F125}.Debug|x86.ActiveCfg = Debug|Any CPU
		{F099CEE6-2668-40CB-AE3E-03942AD7F125}.Debug|x86.Build.0 = Debug|Any CPU
		{F099CEE6-2668-40CB-AE3E-03942AD7F125}.Release|Any CPU.ActiveCfg = Release|Any CPU
		{F099CEE6-2668-40CB-AE3E-03942AD7F125}.Release|Any CPU.Build.0 = Release|Any CPU
		{F099CEE6-2668-40CB-AE3E-03942AD7F125}.Release|x64.ActiveCfg = Release|Any CPU
		{F099CEE6-2668-40CB-AE3E-03942AD7F125}.Release|x64.Build.0 = Release|Any CPU
		{F099CEE6-2668-40CB-AE3E-03942AD7F125}.Release|x86.ActiveCfg = Release|Any CPU
		{F099CEE6-2668-40CB-AE3E-03942AD7F125}.Release|x86.Build.0 = Release|Any CPU
	EndGlobalSection
	GlobalSection(SolutionProperties) = preSolution
		HideSolutionNode = FALSE
	EndGlobalSection
	GlobalSection(NestedProjects) = preSolution
		{38C4DF85-331F-4A91-9946-A94DAB4756F7} = {827E0CD3-B72D-47B6-A68D-7590B98EB39B}
		{0D685E8D-8412-40BB-BB98-34A062716C20} = {827E0CD3-B72D-47B6-A68D-7590B98EB39B}
		{B9A2E380-B8E2-44DE-BAD8-A13ED83C30BE} = {827E0CD3-B72D-47B6-A68D-7590B98EB39B}
		{B32F3F72-2ABF-4327-9D22-11EFBC436603} = {827E0CD3-B72D-47B6-A68D-7590B98EB39B}
		{93CE1574-B289-41DE-85FD-1BA4E724DBD0} = {827E0CD3-B72D-47B6-A68D-7590B98EB39B}
		{52D74D5D-A676-42C7-A8B4-F993F91709B6} = {827E0CD3-B72D-47B6-A68D-7590B98EB39B}
		{EE54E512-302F-498C-AFA3-6FEA56F76EB2} = {827E0CD3-B72D-47B6-A68D-7590B98EB39B}
		{F099CEE6-2668-40CB-AE3E-03942AD7F125} = {827E0CD3-B72D-47B6-A68D-7590B98EB39B}
	EndGlobalSection
EndGlobal
